
Microsoft Visual Studio Solution File, Format Version 12.00
# Visual Studio Version 17
VisualStudioVersion = 17.12.35527.113 d17.12
MinimumVisualStudioVersion = 10.0.40219.1
Project("{FAE04EC0-301F-11D3-BF4B-00C04F79EFBC}") = "ACTIVITY8List", "ACTIVITY8List.csproj", "{DCB34E16-B58C-4580-A18C-852E9A14E7FA}"
EndProject
Global
	GlobalSection(SolutionConfigurationPlatforms) = preSolution
		Debug|Any CPU = Debug|Any CPU
		Release|Any CPU = Release|Any CPU
	EndGlobalSection
	GlobalSection(ProjectConfigurationPlatforms) = postSolution
		{DCB34E16-B58C-4580-A18C-852E9A14E7FA}.Debug|Any CPU.ActiveCfg = Debug|Any CPU
		{DCB34E16-B58C-4580-A18C-852E9A14E7FA}.Debug|Any CPU.Build.0 = Debug|Any CPU
		{DCB34E16-B58C-4580-A18C-852E9A14E7FA}.Release|Any CPU.ActiveCfg = Release|Any CPU
		{DCB34E16-B58C-4580-A18C-852E9A14E7FA}.Release|Any CPU.Build.0 = Release|Any CPU
	EndGlobalSection
	GlobalSection(SolutionProperties) = preSolution
		HideSolutionNode = FALSE
	EndGlobalSection
EndGlobal
